// !$*UTF8*$!
{
	archiveVersion = 1;
	classes = {
	};
	objectVersion = 46;
	objects = {

/* Begin PBXAggregateTarget section */
		B3A4696A1A4097CC0007B82C /* OSGridPointConversionBuildUniversal */ = {
			isa = PBXAggregateTarget;
			buildConfigurationList = B3A4696D1A4097CC0007B82C /* Build configuration list for PBXAggregateTarget "OSGridPointConversionBuildUniversal" */;
			buildPhases = (
				B3A469701A4097D50007B82C /* ShellScript */,
			);
			dependencies = (
				B3A4696F1A4097D20007B82C /* PBXTargetDependency */,
			);
			name = OSGridPointConversionBuildUniversal;
			productName = OSGridPointConversionBuildUniversal;
		};
/* End PBXAggregateTarget section */

/* Begin PBXBuildFile section */
		72F3E1731A6820E10028A18C /* NSValue+OSGridPoint.h in Headers */ = {isa = PBXBuildFile; fileRef = 72F3E1711A6820E10028A18C /* NSValue+OSGridPoint.h */; settings = {ATTRIBUTES = (Public, ); }; };
		72F3E1741A6820E10028A18C /* NSValue+OSGridPoint.m in Sources */ = {isa = PBXBuildFile; fileRef = 72F3E1721A6820E10028A18C /* NSValue+OSGridPoint.m */; };
		B360D4721A3862F500F537F9 /* OSGridPointConversion.h in Headers */ = {isa = PBXBuildFile; fileRef = B360D4711A3862F500F537F9 /* OSGridPointConversion.h */; settings = {ATTRIBUTES = (Public, ); }; };
		B360D4781A3862F500F537F9 /* OSGridPointConversion.framework in Frameworks */ = {isa = PBXBuildFile; fileRef = B360D46C1A3862F500F537F9 /* OSGridPointConversion.framework */; };
		B360D47F1A3862F500F537F9 /* OSGridPointConversionTests.m in Sources */ = {isa = PBXBuildFile; fileRef = B360D47E1A3862F500F537F9 /* OSGridPointConversionTests.m */; };
		B372FA7B1A3865430067FEA9 /* OSGridPoint.h in Headers */ = {isa = PBXBuildFile; fileRef = B372FA791A3865430067FEA9 /* OSGridPoint.h */; settings = {ATTRIBUTES = (Public, ); }; };
		B372FA7C1A3865430067FEA9 /* OSGridPoint.m in Sources */ = {isa = PBXBuildFile; fileRef = B372FA7A1A3865430067FEA9 /* OSGridPoint.m */; };
		B372FA7F1A38658B0067FEA9 /* OSRMProjection.h in Headers */ = {isa = PBXBuildFile; fileRef = B372FA7D1A38658B0067FEA9 /* OSRMProjection.h */; };
		B372FA801A38658B0067FEA9 /* OSRMProjection.m in Sources */ = {isa = PBXBuildFile; fileRef = B372FA7E1A38658B0067FEA9 /* OSRMProjection.m */; };
		B372FA831A3865A70067FEA9 /* RMFoundation.c in Sources */ = {isa = PBXBuildFile; fileRef = B372FA811A3865A70067FEA9 /* RMFoundation.c */; };
		B372FA841A3865A70067FEA9 /* RMFoundation.h in Headers */ = {isa = PBXBuildFile; fileRef = B372FA821A3865A70067FEA9 /* RMFoundation.h */; };
		B372FA861A3865C10067FEA9 /* RMGlobalConstants.h in Headers */ = {isa = PBXBuildFile; fileRef = B372FA851A3865C10067FEA9 /* RMGlobalConstants.h */; };
		B3C2EFE11AAE0EFA00558657 /* OSTN02_NTv2.gsb in Resources */ = {isa = PBXBuildFile; fileRef = B3C2EFE01AAE0EFA00558657 /* OSTN02_NTv2.gsb */; };
		B3C2F1381AAF127100558657 /* proj_api.h in Headers */ = {isa = PBXBuildFile; fileRef = B3C2F08A1AAF127100558657 /* proj_api.h */; };
		B3C2F1441AAF1BCA00558657 /* libProj4.a in Frameworks */ = {isa = PBXBuildFile; fileRef = B3C2F1431AAF1BCA00558657 /* libProj4.a */; };
/* End PBXBuildFile section */

/* Begin PBXContainerItemProxy section */
		B360D4791A3862F500F537F9 /* PBXContainerItemProxy */ = {
			isa = PBXContainerItemProxy;
			containerPortal = B360D4631A3862F500F537F9 /* Project object */;
			proxyType = 1;
			remoteGlobalIDString = B360D46B1A3862F500F537F9;
			remoteInfo = OSGridPointConversion;
		};
		B3A4696E1A4097D20007B82C /* PBXContainerItemProxy */ = {
			isa = PBXContainerItemProxy;
			containerPortal = B360D4631A3862F500F537F9 /* Project object */;
			proxyType = 1;
			remoteGlobalIDString = B360D46B1A3862F500F537F9;
			remoteInfo = OSGridPointConversion;
		};
/* End PBXContainerItemProxy section */

/* Begin PBXFileReference section */
		72F3E1711A6820E10028A18C /* NSValue+OSGridPoint.h */ = {isa = PBXFileReference; fileEncoding = 4; lastKnownFileType = sourcecode.c.h; path = "NSValue+OSGridPoint.h"; sourceTree = "<group>"; };
		72F3E1721A6820E10028A18C /* NSValue+OSGridPoint.m */ = {isa = PBXFileReference; fileEncoding = 4; lastKnownFileType = sourcecode.c.objc; path = "NSValue+OSGridPoint.m"; sourceTree = "<group>"; };
		B360D46C1A3862F500F537F9 /* OSGridPointConversion.framework */ = {isa = PBXFileReference; explicitFileType = wrapper.framework; includeInIndex = 0; path = OSGridPointConversion.framework; sourceTree = BUILT_PRODUCTS_DIR; };
		B360D4701A3862F500F537F9 /* Info.plist */ = {isa = PBXFileReference; lastKnownFileType = text.plist.xml; path = Info.plist; sourceTree = "<group>"; };
		B360D4711A3862F500F537F9 /* OSGridPointConversion.h */ = {isa = PBXFileReference; lastKnownFileType = sourcecode.c.h; path = OSGridPointConversion.h; sourceTree = "<group>"; };
		B360D4771A3862F500F537F9 /* OSGridPointConversionTests.xctest */ = {isa = PBXFileReference; explicitFileType = wrapper.cfbundle; includeInIndex = 0; path = OSGridPointConversionTests.xctest; sourceTree = BUILT_PRODUCTS_DIR; };
		B360D47D1A3862F500F537F9 /* Info.plist */ = {isa = PBXFileReference; lastKnownFileType = text.plist.xml; path = Info.plist; sourceTree = "<group>"; };
		B360D47E1A3862F500F537F9 /* OSGridPointConversionTests.m */ = {isa = PBXFileReference; lastKnownFileType = sourcecode.c.objc; path = OSGridPointConversionTests.m; sourceTree = "<group>"; };
		B372FA791A3865430067FEA9 /* OSGridPoint.h */ = {isa = PBXFileReference; fileEncoding = 4; lastKnownFileType = sourcecode.c.h; path = OSGridPoint.h; sourceTree = "<group>"; };
		B372FA7A1A3865430067FEA9 /* OSGridPoint.m */ = {isa = PBXFileReference; fileEncoding = 4; lastKnownFileType = sourcecode.c.objc; path = OSGridPoint.m; sourceTree = "<group>"; };
		B372FA7D1A38658B0067FEA9 /* OSRMProjection.h */ = {isa = PBXFileReference; fileEncoding = 4; lastKnownFileType = sourcecode.c.h; path = OSRMProjection.h; sourceTree = "<group>"; };
		B372FA7E1A38658B0067FEA9 /* OSRMProjection.m */ = {isa = PBXFileReference; fileEncoding = 4; lastKnownFileType = sourcecode.c.objc; path = OSRMProjection.m; sourceTree = "<group>"; };
		B372FA811A3865A70067FEA9 /* RMFoundation.c */ = {isa = PBXFileReference; fileEncoding = 4; lastKnownFileType = sourcecode.c.c; path = RMFoundation.c; sourceTree = "<group>"; };
		B372FA821A3865A70067FEA9 /* RMFoundation.h */ = {isa = PBXFileReference; fileEncoding = 4; lastKnownFileType = sourcecode.c.h; path = RMFoundation.h; sourceTree = "<group>"; };
		B372FA851A3865C10067FEA9 /* RMGlobalConstants.h */ = {isa = PBXFileReference; fileEncoding = 4; lastKnownFileType = sourcecode.c.h; path = RMGlobalConstants.h; sourceTree = "<group>"; };
		B3C2EFE01AAE0EFA00558657 /* OSTN02_NTv2.gsb */ = {isa = PBXFileReference; lastKnownFileType = file; path = OSTN02_NTv2.gsb; sourceTree = "<group>"; };
		B3C2F08A1AAF127100558657 /* proj_api.h */ = {isa = PBXFileReference; fileEncoding = 4; lastKnownFileType = sourcecode.c.h; path = proj_api.h; sourceTree = "<group>"; };
		B3C2F1431AAF1BCA00558657 /* libProj4.a */ = {isa = PBXFileReference; lastKnownFileType = archive.ar; path = libProj4.a; sourceTree = "<group>"; };
/* End PBXFileReference section */

/* Begin PBXFrameworksBuildPhase section */
		B360D4681A3862F500F537F9 /* Frameworks */ = {
			isa = PBXFrameworksBuildPhase;
			buildActionMask = 2147483647;
			files = (
				B3C2F1441AAF1BCA00558657 /* libProj4.a in Frameworks */,
			);
			runOnlyForDeploymentPostprocessing = 0;
		};
		B360D4741A3862F500F537F9 /* Frameworks */ = {
			isa = PBXFrameworksBuildPhase;
			buildActionMask = 2147483647;
			files = (
				B360D4781A3862F500F537F9 /* OSGridPointConversion.framework in Frameworks */,
			);
			runOnlyForDeploymentPostprocessing = 0;
		};
/* End PBXFrameworksBuildPhase section */

/* Begin PBXGroup section */
		B360D4621A3862F500F537F9 = {
			isa = PBXGroup;
			children = (
				B360D46E1A3862F500F537F9 /* OSGridPointConversion */,
				B360D47B1A3862F500F537F9 /* OSGridPointConversionTests */,
				B360D46D1A3862F500F537F9 /* Products */,
			);
			sourceTree = "<group>";
		};
		B360D46D1A3862F500F537F9 /* Products */ = {
			isa = PBXGroup;
			children = (
				B360D46C1A3862F500F537F9 /* OSGridPointConversion.framework */,
				B360D4771A3862F500F537F9 /* OSGridPointConversionTests.xctest */,
			);
			name = Products;
			sourceTree = "<group>";
		};
		B360D46E1A3862F500F537F9 /* OSGridPointConversion */ = {
			isa = PBXGroup;
			children = (
				B360D4711A3862F500F537F9 /* OSGridPointConversion.h */,
				B372FA791A3865430067FEA9 /* OSGridPoint.h */,
				B372FA7A1A3865430067FEA9 /* OSGridPoint.m */,
				B372FA7D1A38658B0067FEA9 /* OSRMProjection.h */,
				B372FA7E1A38658B0067FEA9 /* OSRMProjection.m */,
				B372FA821A3865A70067FEA9 /* RMFoundation.h */,
				B372FA811A3865A70067FEA9 /* RMFoundation.c */,
				B3C2EFE01AAE0EFA00558657 /* OSTN02_NTv2.gsb */,
				B372FA851A3865C10067FEA9 /* RMGlobalConstants.h */,
				72F3E1711A6820E10028A18C /* NSValue+OSGridPoint.h */,
				72F3E1721A6820E10028A18C /* NSValue+OSGridPoint.m */,
				B372FA911A386F8B0067FEA9 /* Proj4 */,
				B360D46F1A3862F500F537F9 /* Supporting Files */,
			);
			path = OSGridPointConversion;
			sourceTree = "<group>";
		};
		B360D46F1A3862F500F537F9 /* Supporting Files */ = {
			isa = PBXGroup;
			children = (
				B360D4701A3862F500F537F9 /* Info.plist */,
			);
			name = "Supporting Files";
			sourceTree = "<group>";
		};
		B360D47B1A3862F500F537F9 /* OSGridPointConversionTests */ = {
			isa = PBXGroup;
			children = (
				B360D47E1A3862F500F537F9 /* OSGridPointConversionTests.m */,
				B360D47C1A3862F500F537F9 /* Supporting Files */,
			);
			path = OSGridPointConversionTests;
			sourceTree = "<group>";
		};
		B360D47C1A3862F500F537F9 /* Supporting Files */ = {
			isa = PBXGroup;
			children = (
				B360D47D1A3862F500F537F9 /* Info.plist */,
			);
			name = "Supporting Files";
			sourceTree = "<group>";
		};
		B372FA911A386F8B0067FEA9 /* Proj4 */ = {
			isa = PBXGroup;
			children = (
				B3C2F08A1AAF127100558657 /* proj_api.h */,
				B3C2F1431AAF1BCA00558657 /* libProj4.a */,
			);
			name = Proj4;
			sourceTree = "<group>";
		};
/* End PBXGroup section */

/* Begin PBXHeadersBuildPhase section */
		B360D4691A3862F500F537F9 /* Headers */ = {
			isa = PBXHeadersBuildPhase;
			buildActionMask = 2147483647;
			files = (
				B3C2F1381AAF127100558657 /* proj_api.h in Headers */,
				B372FA7B1A3865430067FEA9 /* OSGridPoint.h in Headers */,
				B372FA861A3865C10067FEA9 /* RMGlobalConstants.h in Headers */,
				B372FA7F1A38658B0067FEA9 /* OSRMProjection.h in Headers */,
				72F3E1731A6820E10028A18C /* NSValue+OSGridPoint.h in Headers */,
				B372FA841A3865A70067FEA9 /* RMFoundation.h in Headers */,
				B360D4721A3862F500F537F9 /* OSGridPointConversion.h in Headers */,
			);
			runOnlyForDeploymentPostprocessing = 0;
		};
/* End PBXHeadersBuildPhase section */

/* Begin PBXNativeTarget section */
		B360D46B1A3862F500F537F9 /* OSGridPointConversion */ = {
			isa = PBXNativeTarget;
			buildConfigurationList = B360D4821A3862F500F537F9 /* Build configuration list for PBXNativeTarget "OSGridPointConversion" */;
			buildPhases = (
				B360D4671A3862F500F537F9 /* Sources */,
				B360D4681A3862F500F537F9 /* Frameworks */,
				B360D4691A3862F500F537F9 /* Headers */,
				B360D46A1A3862F500F537F9 /* Resources */,
			);
			buildRules = (
			);
			dependencies = (
			);
			name = OSGridPointConversion;
			productName = OSGridPointConversion;
			productReference = B360D46C1A3862F500F537F9 /* OSGridPointConversion.framework */;
			productType = "com.apple.product-type.framework";
		};
		B360D4761A3862F500F537F9 /* OSGridPointConversionTests */ = {
			isa = PBXNativeTarget;
			buildConfigurationList = B360D4851A3862F500F537F9 /* Build configuration list for PBXNativeTarget "OSGridPointConversionTests" */;
			buildPhases = (
				B360D4731A3862F500F537F9 /* Sources */,
				B360D4741A3862F500F537F9 /* Frameworks */,
				B360D4751A3862F500F537F9 /* Resources */,
			);
			buildRules = (
			);
			dependencies = (
				B360D47A1A3862F500F537F9 /* PBXTargetDependency */,
			);
			name = OSGridPointConversionTests;
			productName = OSGridPointConversionTests;
			productReference = B360D4771A3862F500F537F9 /* OSGridPointConversionTests.xctest */;
			productType = "com.apple.product-type.bundle.unit-test";
		};
/* End PBXNativeTarget section */

/* Begin PBXProject section */
		B360D4631A3862F500F537F9 /* Project object */ = {
			isa = PBXProject;
			attributes = {
				LastUpgradeCheck = 0610;
				ORGANIZATIONNAME = "Ordnance Survey";
				TargetAttributes = {
					B360D46B1A3862F500F537F9 = {
						CreatedOnToolsVersion = 6.1.1;
					};
					B360D4761A3862F500F537F9 = {
						CreatedOnToolsVersion = 6.1.1;
					};
					B3A4696A1A4097CC0007B82C = {
						CreatedOnToolsVersion = 6.1.1;
					};
				};
			};
			buildConfigurationList = B360D4661A3862F500F537F9 /* Build configuration list for PBXProject "OSGridPointConversion" */;
			compatibilityVersion = "Xcode 3.2";
			developmentRegion = English;
			hasScannedForEncodings = 0;
			knownRegions = (
				en,
			);
			mainGroup = B360D4621A3862F500F537F9;
			productRefGroup = B360D46D1A3862F500F537F9 /* Products */;
			projectDirPath = "";
			projectRoot = "";
			targets = (
				B360D46B1A3862F500F537F9 /* OSGridPointConversion */,
				B360D4761A3862F500F537F9 /* OSGridPointConversionTests */,
				B3A4696A1A4097CC0007B82C /* OSGridPointConversionBuildUniversal */,
			);
		};
/* End PBXProject section */

/* Begin PBXResourcesBuildPhase section */
		B360D46A1A3862F500F537F9 /* Resources */ = {
			isa = PBXResourcesBuildPhase;
			buildActionMask = 2147483647;
			files = (
				B3C2EFE11AAE0EFA00558657 /* OSTN02_NTv2.gsb in Resources */,
			);
			runOnlyForDeploymentPostprocessing = 0;
		};
		B360D4751A3862F500F537F9 /* Resources */ = {
			isa = PBXResourcesBuildPhase;
			buildActionMask = 2147483647;
			files = (
			);
			runOnlyForDeploymentPostprocessing = 0;
		};
/* End PBXResourcesBuildPhase section */

/* Begin PBXShellScriptBuildPhase section */
		B3A469701A4097D50007B82C /* ShellScript */ = {
			isa = PBXShellScriptBuildPhase;
			buildActionMask = 2147483647;
			files = (
			);
			inputPaths = (
			);
			outputPaths = (
			);
			runOnlyForDeploymentPostprocessing = 0;
			shellPath = /bin/sh;
			shellScript = "#!/bin/sh\n\n# This script builds the framework for both the simulator and the device, and then combines\n# them into one binary using lipo.\n#\n# On build success, the result is placed into the project folder, and finder will open to\n# that location for convenient access to the newly built framework.\n\nUNIVERSAL_OUTPUTFOLDER=${BUILD_DIR}/${CONFIGURATION}-universal\n\n# make sure the output directory exists\nmkdir -p \"${UNIVERSAL_OUTPUTFOLDER}\"\n\n# Step 1. Build Device and Simulator versions\nxcodebuild -target \"${PROJECT_NAME}\" ONLY_ACTIVE_ARCH=NO -configuration ${CONFIGURATION} -sdk iphoneos  BUILD_DIR=\"${BUILD_DIR}\" BUILD_ROOT=\"${BUILD_ROOT}\" clean build\nxcodebuild -target \"${PROJECT_NAME}\" -configuration ${CONFIGURATION} -sdk iphonesimulator ONLY_ACTIVE_ARCH=NO BUILD_DIR=\"${BUILD_DIR}\" BUILD_ROOT=\"${BUILD_ROOT}\" clean build\n\n# Step 2. Copy the framework structure (from iphoneos build) to the universal folder\ncp -R \"${BUILD_DIR}/${CONFIGURATION}-iphoneos/${PROJECT_NAME}.framework\" \"${UNIVERSAL_OUTPUTFOLDER}/\"\n\n# Step 3. Create universal binary file using lipo and place the combined executable in the copied framework directory\nlipo -create -output \"${UNIVERSAL_OUTPUTFOLDER}/${PROJECT_NAME}.framework/${PROJECT_NAME}\" \"${BUILD_DIR}/${CONFIGURATION}-iphonesimulator/${PROJECT_NAME}.framework/${PROJECT_NAME}\" \"${BUILD_DIR}/${CONFIGURATION}-iphoneos/${PROJECT_NAME}.framework/${PROJECT_NAME}\"\n\n# Step 4. Convenience step to copy the framework to the project's directory\ncp -R \"${UNIVERSAL_OUTPUTFOLDER}/${PROJECT_NAME}.framework\" \"${PROJECT_DIR}/build\"\n\n# Step 5. Convenience step to open the project's directory in Finder\nopen \"${PROJECT_DIR}/build\"";
			showEnvVarsInLog = 0;
		};
/* End PBXShellScriptBuildPhase section */

/* Begin PBXSourcesBuildPhase section */
		B360D4671A3862F500F537F9 /* Sources */ = {
			isa = PBXSourcesBuildPhase;
			buildActionMask = 2147483647;
			files = (
				B372FA7C1A3865430067FEA9 /* OSGridPoint.m in Sources */,
				B372FA831A3865A70067FEA9 /* RMFoundation.c in Sources */,
				B372FA801A38658B0067FEA9 /* OSRMProjection.m in Sources */,
				72F3E1741A6820E10028A18C /* NSValue+OSGridPoint.m in Sources */,
			);
			runOnlyForDeploymentPostprocessing = 0;
		};
		B360D4731A3862F500F537F9 /* Sources */ = {
			isa = PBXSourcesBuildPhase;
			buildActionMask = 2147483647;
			files = (
				B360D47F1A3862F500F537F9 /* OSGridPointConversionTests.m in Sources */,
			);
			runOnlyForDeploymentPostprocessing = 0;
		};
/* End PBXSourcesBuildPhase section */

/* Begin PBXTargetDependency section */
		B360D47A1A3862F500F537F9 /* PBXTargetDependency */ = {
			isa = PBXTargetDependency;
			target = B360D46B1A3862F500F537F9 /* OSGridPointConversion */;
			targetProxy = B360D4791A3862F500F537F9 /* PBXContainerItemProxy */;
		};
		B3A4696F1A4097D20007B82C /* PBXTargetDependency */ = {
			isa = PBXTargetDependency;
			target = B360D46B1A3862F500F537F9 /* OSGridPointConversion */;
			targetProxy = B3A4696E1A4097D20007B82C /* PBXContainerItemProxy */;
		};
/* End PBXTargetDependency section */

/* Begin XCBuildConfiguration section */
		B360D4801A3862F500F537F9 /* Debug */ = {
			isa = XCBuildConfiguration;
			buildSettings = {
				ALWAYS_SEARCH_USER_PATHS = NO;
				CLANG_CXX_LANGUAGE_STANDARD = "gnu++0x";
				CLANG_CXX_LIBRARY = "libc++";
				CLANG_ENABLE_MODULES = YES;
				CLANG_ENABLE_OBJC_ARC = YES;
				CLANG_WARN_BOOL_CONVERSION = YES;
				CLANG_WARN_CONSTANT_CONVERSION = YES;
				CLANG_WARN_DIRECT_OBJC_ISA_USAGE = YES_ERROR;
				CLANG_WARN_EMPTY_BODY = YES;
				CLANG_WARN_ENUM_CONVERSION = YES;
				CLANG_WARN_INT_CONVERSION = YES;
				CLANG_WARN_OBJC_ROOT_CLASS = YES_ERROR;
				CLANG_WARN_UNREACHABLE_CODE = YES;
				CLANG_WARN__DUPLICATE_METHOD_MATCH = YES;
				"CODE_SIGN_IDENTITY[sdk=iphoneos*]" = "iPhone Developer";
				COPY_PHASE_STRIP = NO;
				CURRENT_PROJECT_VERSION = 1;
				ENABLE_STRICT_OBJC_MSGSEND = YES;
				GCC_C_LANGUAGE_STANDARD = gnu99;
				GCC_DYNAMIC_NO_PIC = NO;
				GCC_OPTIMIZATION_LEVEL = 0;
				GCC_PREPROCESSOR_DEFINITIONS = (
					"DEBUG=1",
					"$(inherited)",
				);
				GCC_SYMBOLS_PRIVATE_EXTERN = NO;
				GCC_WARN_64_TO_32_BIT_CONVERSION = YES;
				GCC_WARN_ABOUT_RETURN_TYPE = YES_ERROR;
				GCC_WARN_UNDECLARED_SELECTOR = YES;
				GCC_WARN_UNINITIALIZED_AUTOS = YES_AGGRESSIVE;
				GCC_WARN_UNUSED_FUNCTION = YES;
				GCC_WARN_UNUSED_VARIABLE = YES;
				IPHONEOS_DEPLOYMENT_TARGET = 8.1;
				MTL_ENABLE_DEBUG_INFO = YES;
				ONLY_ACTIVE_ARCH = YES;
				SDKROOT = iphoneos;
				TARGETED_DEVICE_FAMILY = "1,2";
				VERSIONING_SYSTEM = "apple-generic";
				VERSION_INFO_PREFIX = "";
			};
			name = Debug;
		};
		B360D4811A3862F500F537F9 /* Release */ = {
			isa = XCBuildConfiguration;
			buildSettings = {
				ALWAYS_SEARCH_USER_PATHS = NO;
				CLANG_CXX_LANGUAGE_STANDARD = "gnu++0x";
				CLANG_CXX_LIBRARY = "libc++";
				CLANG_ENABLE_MODULES = YES;
				CLANG_ENABLE_OBJC_ARC = YES;
				CLANG_WARN_BOOL_CONVERSION = YES;
				CLANG_WARN_CONSTANT_CONVERSION = YES;
				CLANG_WARN_DIRECT_OBJC_ISA_USAGE = YES_ERROR;
				CLANG_WARN_EMPTY_BODY = YES;
				CLANG_WARN_ENUM_CONVERSION = YES;
				CLANG_WARN_INT_CONVERSION = YES;
				CLANG_WARN_OBJC_ROOT_CLASS = YES_ERROR;
				CLANG_WARN_UNREACHABLE_CODE = YES;
				CLANG_WARN__DUPLICATE_METHOD_MATCH = YES;
				"CODE_SIGN_IDENTITY[sdk=iphoneos*]" = "iPhone Developer";
				COPY_PHASE_STRIP = YES;
				CURRENT_PROJECT_VERSION = 1;
				ENABLE_NS_ASSERTIONS = NO;
				ENABLE_STRICT_OBJC_MSGSEND = YES;
				GCC_C_LANGUAGE_STANDARD = gnu99;
				GCC_WARN_64_TO_32_BIT_CONVERSION = YES;
				GCC_WARN_ABOUT_RETURN_TYPE = YES_ERROR;
				GCC_WARN_UNDECLARED_SELECTOR = YES;
				GCC_WARN_UNINITIALIZED_AUTOS = YES_AGGRESSIVE;
				GCC_WARN_UNUSED_FUNCTION = YES;
				GCC_WARN_UNUSED_VARIABLE = YES;
				IPHONEOS_DEPLOYMENT_TARGET = 8.1;
				MTL_ENABLE_DEBUG_INFO = NO;
				SDKROOT = iphoneos;
				TARGETED_DEVICE_FAMILY = "1,2";
				VALIDATE_PRODUCT = YES;
				VERSIONING_SYSTEM = "apple-generic";
				VERSION_INFO_PREFIX = "";
			};
			name = Release;
		};
		B360D4831A3862F500F537F9 /* Debug */ = {
			isa = XCBuildConfiguration;
			buildSettings = {
				DEFINES_MODULE = YES;
				DYLIB_COMPATIBILITY_VERSION = 1;
				DYLIB_CURRENT_VERSION = 1;
				DYLIB_INSTALL_NAME_BASE = "@rpath";
				INFOPLIST_FILE = OSGridPointConversion/Info.plist;
				INSTALL_PATH = "$(LOCAL_LIBRARY_DIR)/Frameworks";
				LD_RUNPATH_SEARCH_PATHS = "$(inherited) @executable_path/Frameworks @loader_path/Frameworks";
				LIBRARY_SEARCH_PATHS = (
					"$(inherited)",
					"$(PROJECT_DIR)/OSGridPointConversion",
				);
				PRODUCT_NAME = "$(TARGET_NAME)";
				SKIP_INSTALL = YES;
			};
			name = Debug;
		};
		B360D4841A3862F500F537F9 /* Release */ = {
			isa = XCBuildConfiguration;
			buildSettings = {
				DEFINES_MODULE = YES;
				DYLIB_COMPATIBILITY_VERSION = 1;
				DYLIB_CURRENT_VERSION = 1;
				DYLIB_INSTALL_NAME_BASE = "@rpath";
				INFOPLIST_FILE = OSGridPointConversion/Info.plist;
				INSTALL_PATH = "$(LOCAL_LIBRARY_DIR)/Frameworks";
				LD_RUNPATH_SEARCH_PATHS = "$(inherited) @executable_path/Frameworks @loader_path/Frameworks";
				LIBRARY_SEARCH_PATHS = (
					"$(inherited)",
					"$(PROJECT_DIR)/OSGridPointConversion",
				);
				PRODUCT_NAME = "$(TARGET_NAME)";
				SKIP_INSTALL = YES;
			};
			name = Release;
		};
		B360D4861A3862F500F537F9 /* Debug */ = {
			isa = XCBuildConfiguration;
			buildSettings = {
				FRAMEWORK_SEARCH_PATHS = (
					"$(SDKROOT)/Developer/Library/Frameworks",
					"$(inherited)",
				);
				GCC_PREPROCESSOR_DEFINITIONS = (
					"DEBUG=1",
					"$(inherited)",
				);
				INFOPLIST_FILE = OSGridPointConversionTests/Info.plist;
				LD_RUNPATH_SEARCH_PATHS = "$(inherited) @executable_path/Frameworks @loader_path/Frameworks";
				PRODUCT_NAME = "$(TARGET_NAME)";
			};
			name = Debug;
		};
		B360D4871A3862F500F537F9 /* Release */ = {
			isa = XCBuildConfiguration;
			buildSettings = {
				FRAMEWORK_SEARCH_PATHS = (
					"$(SDKROOT)/Developer/Library/Frameworks",
					"$(inherited)",
				);
				INFOPLIST_FILE = OSGridPointConversionTests/Info.plist;
				LD_RUNPATH_SEARCH_PATHS = "$(inherited) @executable_path/Frameworks @loader_path/Frameworks";
				PRODUCT_NAME = "$(TARGET_NAME)";
			};
			name = Release;
		};
		B3A4696B1A4097CC0007B82C /* Debug */ = {
			isa = XCBuildConfiguration;
			buildSettings = {
				PRODUCT_NAME = "$(TARGET_NAME)";
			};
			name = Debug;
		};
		B3A4696C1A4097CC0007B82C /* Release */ = {
			isa = XCBuildConfiguration;
			buildSettings = {
				PRODUCT_NAME = "$(TARGET_NAME)";
			};
			name = Release;
		};
/* End XCBuildConfiguration section */

/* Begin XCConfigurationList section */
		B360D4661A3862F500F537F9 /* Build configuration list for PBXProject "OSGridPointConversion" */ = {
			isa = XCConfigurationList;
			buildConfigurations = (
				B360D4801A3862F500F537F9 /* Debug */,
				B360D4811A3862F500F537F9 /* Release */,
			);
			defaultConfigurationIsVisible = 0;
			defaultConfigurationName = Release;
		};
		B360D4821A3862F500F537F9 /* Build configuration list for PBXNativeTarget "OSGridPointConversion" */ = {
			isa = XCConfigurationList;
			buildConfigurations = (
				B360D4831A3862F500F537F9 /* Debug */,
				B360D4841A3862F500F537F9 /* Release */,
			);
			defaultConfigurationIsVisible = 0;
			defaultConfigurationName = Release;
		};
		B360D4851A3862F500F537F9 /* Build configuration list for PBXNativeTarget "OSGridPointConversionTests" */ = {
			isa = XCConfigurationList;
			buildConfigurations = (
				B360D4861A3862F500F537F9 /* Debug */,
				B360D4871A3862F500F537F9 /* Release */,
			);
			defaultConfigurationIsVisible = 0;
			defaultConfigurationName = Release;
		};
		B3A4696D1A4097CC0007B82C /* Build configuration list for PBXAggregateTarget "OSGridPointConversionBuildUniversal" */ = {
			isa = XCConfigurationList;
			buildConfigurations = (
				B3A4696B1A4097CC0007B82C /* Debug */,
				B3A4696C1A4097CC0007B82C /* Release */,
			);
			defaultConfigurationIsVisible = 0;
			defaultConfigurationName = Release;
		};
/* End XCConfigurationList section */
	};
	rootObject = B360D4631A3862F500F537F9 /* Project object */;
}
